# This file is automatically @generated by Cargo.
# It is not intended for manual editing.
version = 3

[[package]]
name = "mx-agent-cli"
version = "0.0.1"
dependencies = [
 "mx-agent-protocol",
]

[[package]]
name = "mx-agent-daemon"
version = "0.0.1"
dependencies = [
 "mx-agent-ipc",
 "mx-agent-policy",
 "mx-agent-protocol",
 "mx-agent-sandbox",
]

[[package]]
name = "mx-agent-ipc"
version = "0.0.1"

[[package]]
name = "mx-agent-policy"
version = "0.0.1"

[[package]]
name = "mx-agent-protocol"
version = "0.0.1"

[[package]]
name = "mx-agent-sandbox"
version = "0.0.1"
